
Microsoft Visual Studio Solution File, Format Version 12.00
# Visual Studio 14
VisualStudioVersion = 14.0.24720.0
MinimumVisualStudioVersion = 10.0.40219.1
Project("{2150E333-8FDC-42A3-9474-1A3956D46DE8}") = "Module 1", "Module 1", "{6B181DF4-9B08-4ADC-BB04-F5B2BEA70471}"
EndProject
Project("{2150E333-8FDC-42A3-9474-1A3956D46DE8}") = "Module 2", "Module 2", "{5FB58C7B-048F-45E3-B707-ED6A3B51949E}"
EndProject
Project("{2150E333-8FDC-42A3-9474-1A3956D46DE8}") = "Module 3", "Module 3", "{322B651F-9814-4771-94A2-A8AC63EAB80D}"
EndProject
Project("{2150E333-8FDC-42A3-9474-1A3956D46DE8}") = "Module 4", "Module 4", "{537C0902-E959-429E-81F3-060E32E12BDC}"
EndProject
Project("{FAE04EC0-301F-11D3-BF4B-00C04F79EFBC}") = "Example_2_2", "Example_2_2\Example_2_2.csproj", "{F10FDDE0-32B7-494F-8D1C-816D63EE09BD}"
EndProject
Project("{FAE04EC0-301F-11D3-BF4B-00C04F79EFBC}") = "Example_2_1", "Example_2_1\Example_2_1.csproj", "{0946918B-2B97-4BE9-AD72-412D49D05054}"
EndProject
Project("{FAE04EC0-301F-11D3-BF4B-00C04F79EFBC}") = "Example_2_3", "Example_2_3\Example_2_3.csproj", "{4A0DBF8D-EA59-4875-96E8-5A3A0041DECC}"
EndProject
Project("{FAE04EC0-301F-11D3-BF4B-00C04F79EFBC}") = "Example_1_3", "Example_1_3\Example_1_3.csproj", "{4A8F3504-C3A3-4A3E-B5CA-26D6A2C09684}"
EndProject
Project("{FAE04EC0-301F-11D3-BF4B-00C04F79EFBC}") = "Example_1_1-2", "Example_1_1-2\Example_1_1-2.csproj", "{BD8E38A7-C8A4-4060-9C35-130C17659CF0}"
EndProject
Project("{FAE04EC0-301F-11D3-BF4B-00C04F79EFBC}") = "Example_3_1", "Example_3_1\Example_3_1.csproj", "{4A2C3E1C-EE6B-4E43-BF3B-9DC3666A3359}"
EndProject
Project("{FAE04EC0-301F-11D3-BF4B-00C04F79EFBC}") = "Example_3_2", "Example_3_2\Example_3_2.csproj", "{BEF8F573-EA0B-4098-A2AE-91600CB64F1F}"
EndProject
Project("{FAE04EC0-301F-11D3-BF4B-00C04F79EFBC}") = "Example_3_3", "Example_3_3\Example_3_3.csproj", "{5A046B73-7A8D-4AAC-BEC4-18E2F5C3DBF1}"
EndProject
Project("{FAE04EC0-301F-11D3-BF4B-00C04F79EFBC}") = "Example_3_4", "Example_3_4\Example_3_4.csproj", "{86BB4E9D-125C-439E-816A-5C1683D4FA3B}"
EndProject
Project("{FAE04EC0-301F-11D3-BF4B-00C04F79EFBC}") = "Example_4_1", "Example_4_1\Example_4_1.csproj", "{36E0C231-831C-4802-A6B8-FE7AA1995502}"
EndProject
Project("{FAE04EC0-301F-11D3-BF4B-00C04F79EFBC}") = "Example_4_2", "Example_4_2\Example_4_2.csproj", "{2E2D8CD4-7F7E-4FFD-9D54-9ACA38CB1CC3}"
EndProject
Project("{FAE04EC0-301F-11D3-BF4B-00C04F79EFBC}") = "Example_4_3", "Example_4_3\Example_4_3.csproj", "{9E068962-155E-4DA8-9795-F4C157B972A9}"
EndProject
Project("{2150E333-8FDC-42A3-9474-1A3956D46DE8}") = "Module 1", "Module 1", "{B969A96F-B627-428A-9A55-A459AC984B02}"
EndProject
Project("{2150E333-8FDC-42A3-9474-1A3956D46DE8}") = "Beginner", "Beginner", "{90AC4839-8C56-4B40-AB22-97B32E46B326}"
EndProject
Project("{2150E333-8FDC-42A3-9474-1A3956D46DE8}") = "Advanced", "Advanced", "{D24BB124-B38F-45AB-ABE8-10083E81FBC9}"
EndProject
Project("{FAE04EC0-301F-11D3-BF4B-00C04F79EFBC}") = "Adv_1_Hands-On_1", "Adv_1_Hands-On_1\Adv_1_Hands-On_1.csproj", "{75DF9D69-CD79-4733-99E5-5515E54BF87F}"
EndProject
Project("{FAE04EC0-301F-11D3-BF4B-00C04F79EFBC}") = "Adv_1_Hands-On_2", "Adv_1_Hands-On_2\Adv_1_Hands-On_2.csproj", "{ED65BF18-0B59-4DE8-AC4D-93426F86C559}"
EndProject
Project("{FAE04EC0-301F-11D3-BF4B-00C04F79EFBC}") = "Adv_1_Hands-On_3", "Adv_1_Hands-On_3\Adv_1_Hands-On_3.csproj", "{A10A3AE7-12FC-4C89-B969-D60A281CBD17}"
EndProject
Project("{2150E333-8FDC-42A3-9474-1A3956D46DE8}") = "Module 2", "Module 2", "{C3B8444F-B564-46B3-B7E2-63952E5351FB}"
EndProject
Global
	GlobalSection(SolutionConfigurationPlatforms) = preSolution
		Debug|ARM = Debug|ARM
		Debug|x64 = Debug|x64
		Debug|x86 = Debug|x86
		Release|ARM = Release|ARM
		Release|x64 = Release|x64
		Release|x86 = Release|x86
	EndGlobalSection
	GlobalSection(ProjectConfigurationPlatforms) = postSolution
		{F10FDDE0-32B7-494F-8D1C-816D63EE09BD}.Debug|ARM.ActiveCfg = Debug|ARM
		{F10FDDE0-32B7-494F-8D1C-816D63EE09BD}.Debug|ARM.Build.0 = Debug|ARM
		{F10FDDE0-32B7-494F-8D1C-816D63EE09BD}.Debug|ARM.Deploy.0 = Debug|ARM
		{F10FDDE0-32B7-494F-8D1C-816D63EE09BD}.Debug|x64.ActiveCfg = Debug|x64
		{F10FDDE0-32B7-494F-8D1C-816D63EE09BD}.Debug|x64.Build.0 = Debug|x64
		{F10FDDE0-32B7-494F-8D1C-816D63EE09BD}.Debug|x64.Deploy.0 = Debug|x64
		{F10FDDE0-32B7-494F-8D1C-816D63EE09BD}.Debug|x86.ActiveCfg = Debug|x86
		{F10FDDE0-32B7-494F-8D1C-816D63EE09BD}.Debug|x86.Build.0 = Debug|x86
		{F10FDDE0-32B7-494F-8D1C-816D63EE09BD}.Debug|x86.Deploy.0 = Debug|x86
		{F10FDDE0-32B7-494F-8D1C-816D63EE09BD}.Release|ARM.ActiveCfg = Release|ARM
		{F10FDDE0-32B7-494F-8D1C-816D63EE09BD}.Release|ARM.Build.0 = Release|ARM
		{F10FDDE0-32B7-494F-8D1C-816D63EE09BD}.Release|ARM.Deploy.0 = Release|ARM
		{F10FDDE0-32B7-494F-8D1C-816D63EE09BD}.Release|x64.ActiveCfg = Release|x64
		{F10FDDE0-32B7-494F-8D1C-816D63EE09BD}.Release|x64.Build.0 = Release|x64
		{F10FDDE0-32B7-494F-8D1C-816D63EE09BD}.Release|x64.Deploy.0 = Release|x64
		{F10FDDE0-32B7-494F-8D1C-816D63EE09BD}.Release|x86.ActiveCfg = Release|x86
		{F10FDDE0-32B7-494F-8D1C-816D63EE09BD}.Release|x86.Build.0 = Release|x86
		{F10FDDE0-32B7-494F-8D1C-816D63EE09BD}.Release|x86.Deploy.0 = Release|x86
		{0946918B-2B97-4BE9-AD72-412D49D05054}.Debug|ARM.ActiveCfg = Debug|ARM
		{0946918B-2B97-4BE9-AD72-412D49D05054}.Debug|ARM.Build.0 = Debug|ARM
		{0946918B-2B97-4BE9-AD72-412D49D05054}.Debug|ARM.Deploy.0 = Debug|ARM
		{0946918B-2B97-4BE9-AD72-412D49D05054}.Debug|x64.ActiveCfg = Debug|x64
		{0946918B-2B97-4BE9-AD72-412D49D05054}.Debug|x64.Build.0 = Debug|x64
		{0946918B-2B97-4BE9-AD72-412D49D05054}.Debug|x64.Deploy.0 = Debug|x64
		{0946918B-2B97-4BE9-AD72-412D49D05054}.Debug|x86.ActiveCfg = Debug|x86
		{0946918B-2B97-4BE9-AD72-412D49D05054}.Debug|x86.Build.0 = Debug|x86
		{0946918B-2B97-4BE9-AD72-412D49D05054}.Debug|x86.Deploy.0 = Debug|x86
		{0946918B-2B97-4BE9-AD72-412D49D05054}.Release|ARM.ActiveCfg = Release|ARM
		{0946918B-2B97-4BE9-AD72-412D49D05054}.Release|ARM.Build.0 = Release|ARM
		{0946918B-2B97-4BE9-AD72-412D49D05054}.Release|ARM.Deploy.0 = Release|ARM
		{0946918B-2B97-4BE9-AD72-412D49D05054}.Release|x64.ActiveCfg = Release|x64
		{0946918B-2B97-4BE9-AD72-412D49D05054}.Release|x64.Build.0 = Release|x64
		{0946918B-2B97-4BE9-AD72-412D49D05054}.Release|x64.Deploy.0 = Release|x64
		{0946918B-2B97-4BE9-AD72-412D49D05054}.Release|x86.ActiveCfg = Release|x86
		{0946918B-2B97-4BE9-AD72-412D49D05054}.Release|x86.Build.0 = Release|x86
		{0946918B-2B97-4BE9-AD72-412D49D05054}.Release|x86.Deploy.0 = Release|x86
		{4A0DBF8D-EA59-4875-96E8-5A3A0041DECC}.Debug|ARM.ActiveCfg = Debug|ARM
		{4A0DBF8D-EA59-4875-96E8-5A3A0041DECC}.Debug|ARM.Build.0 = Debug|ARM
		{4A0DBF8D-EA59-4875-96E8-5A3A0041DECC}.Debug|ARM.Deploy.0 = Debug|ARM
		{4A0DBF8D-EA59-4875-96E8-5A3A0041DECC}.Debug|x64.ActiveCfg = Debug|x64
		{4A0DBF8D-EA59-4875-96E8-5A3A0041DECC}.Debug|x64.Build.0 = Debug|x64
		{4A0DBF8D-EA59-4875-96E8-5A3A0041DECC}.Debug|x64.Deploy.0 = Debug|x64
		{4A0DBF8D-EA59-4875-96E8-5A3A0041DECC}.Debug|x86.ActiveCfg = Debug|x86
		{4A0DBF8D-EA59-4875-96E8-5A3A0041DECC}.Debug|x86.Build.0 = Debug|x86
		{4A0DBF8D-EA59-4875-96E8-5A3A0041DECC}.Debug|x86.Deploy.0 = Debug|x86
		{4A0DBF8D-EA59-4875-96E8-5A3A0041DECC}.Release|ARM.ActiveCfg = Release|ARM
		{4A0DBF8D-EA59-4875-96E8-5A3A0041DECC}.Release|ARM.Build.0 = Release|ARM
		{4A0DBF8D-EA59-4875-96E8-5A3A0041DECC}.Release|ARM.Deploy.0 = Release|ARM
		{4A0DBF8D-EA59-4875-96E8-5A3A0041DECC}.Release|x64.ActiveCfg = Release|x64
		{4A0DBF8D-EA59-4875-96E8-5A3A0041DECC}.Release|x64.Build.0 = Release|x64
		{4A0DBF8D-EA59-4875-96E8-5A3A0041DECC}.Release|x64.Deploy.0 = Release|x64
		{4A0DBF8D-EA59-4875-96E8-5A3A0041DECC}.Release|x86.ActiveCfg = Release|x86
		{4A0DBF8D-EA59-4875-96E8-5A3A0041DECC}.Release|x86.Build.0 = Release|x86
		{4A0DBF8D-EA59-4875-96E8-5A3A0041DECC}.Release|x86.Deploy.0 = Release|x86
		{4A8F3504-C3A3-4A3E-B5CA-26D6A2C09684}.Debug|ARM.ActiveCfg = Debug|ARM
		{4A8F3504-C3A3-4A3E-B5CA-26D6A2C09684}.Debug|ARM.Build.0 = Debug|ARM
		{4A8F3504-C3A3-4A3E-B5CA-26D6A2C09684}.Debug|ARM.Deploy.0 = Debug|ARM
		{4A8F3504-C3A3-4A3E-B5CA-26D6A2C09684}.Debug|x64.ActiveCfg = Debug|x64
		{4A8F3504-C3A3-4A3E-B5CA-26D6A2C09684}.Debug|x64.Build.0 = Debug|x64
		{4A8F3504-C3A3-4A3E-B5CA-26D6A2C09684}.Debug|x64.Deploy.0 = Debug|x64
		{4A8F3504-C3A3-4A3E-B5CA-26D6A2C09684}.Debug|x86.ActiveCfg = Debug|x86
		{4A8F3504-C3A3-4A3E-B5CA-26D6A2C09684}.Debug|x86.Build.0 = Debug|x86
		{4A8F3504-C3A3-4A3E-B5CA-26D6A2C09684}.Debug|x86.Deploy.0 = Debug|x86
		{4A8F3504-C3A3-4A3E-B5CA-26D6A2C09684}.Release|ARM.ActiveCfg = Release|ARM
		{4A8F3504-C3A3-4A3E-B5CA-26D6A2C09684}.Release|ARM.Build.0 = Release|ARM
		{4A8F3504-C3A3-4A3E-B5CA-26D6A2C09684}.Release|ARM.Deploy.0 = Release|ARM
		{4A8F3504-C3A3-4A3E-B5CA-26D6A2C09684}.Release|x64.ActiveCfg = Release|x64
		{4A8F3504-C3A3-4A3E-B5CA-26D6A2C09684}.Release|x64.Build.0 = Release|x64
		{4A8F3504-C3A3-4A3E-B5CA-26D6A2C09684}.Release|x64.Deploy.0 = Release|x64
		{4A8F3504-C3A3-4A3E-B5CA-26D6A2C09684}.Release|x86.ActiveCfg = Release|x86
		{4A8F3504-C3A3-4A3E-B5CA-26D6A2C09684}.Release|x86.Build.0 = Release|x86
		{4A8F3504-C3A3-4A3E-B5CA-26D6A2C09684}.Release|x86.Deploy.0 = Release|x86
		{BD8E38A7-C8A4-4060-9C35-130C17659CF0}.Debug|ARM.ActiveCfg = Debug|ARM
		{BD8E38A7-C8A4-4060-9C35-130C17659CF0}.Debug|ARM.Build.0 = Debug|ARM
		{BD8E38A7-C8A4-4060-9C35-130C17659CF0}.Debug|ARM.Deploy.0 = Debug|ARM
		{BD8E38A7-C8A4-4060-9C35-130C17659CF0}.Debug|x64.ActiveCfg = Debug|x64
		{BD8E38A7-C8A4-4060-9C35-130C17659CF0}.Debug|x64.Build.0 = Debug|x64
		{BD8E38A7-C8A4-4060-9C35-130C17659CF0}.Debug|x64.Deploy.0 = Debug|x64
		{BD8E38A7-C8A4-4060-9C35-130C17659CF0}.Debug|x86.ActiveCfg = Debug|x86
		{BD8E38A7-C8A4-4060-9C35-130C17659CF0}.Debug|x86.Build.0 = Debug|x86
		{BD8E38A7-C8A4-4060-9C35-130C17659CF0}.Debug|x86.Deploy.0 = Debug|x86
		{BD8E38A7-C8A4-4060-9C35-130C17659CF0}.Release|ARM.ActiveCfg = Release|ARM
		{BD8E38A7-C8A4-4060-9C35-130C17659CF0}.Release|ARM.Build.0 = Release|ARM
		{BD8E38A7-C8A4-4060-9C35-130C17659CF0}.Release|ARM.Deploy.0 = Release|ARM
		{BD8E38A7-C8A4-4060-9C35-130C17659CF0}.Release|x64.ActiveCfg = Release|x64
		{BD8E38A7-C8A4-4060-9C35-130C17659CF0}.Release|x64.Build.0 = Release|x64
		{BD8E38A7-C8A4-4060-9C35-130C17659CF0}.Release|x64.Deploy.0 = Release|x64
		{BD8E38A7-C8A4-4060-9C35-130C17659CF0}.Release|x86.ActiveCfg = Release|x86
		{BD8E38A7-C8A4-4060-9C35-130C17659CF0}.Release|x86.Build.0 = Release|x86
		{BD8E38A7-C8A4-4060-9C35-130C17659CF0}.Release|x86.Deploy.0 = Release|x86
		{4A2C3E1C-EE6B-4E43-BF3B-9DC3666A3359}.Debug|ARM.ActiveCfg = Debug|ARM
		{4A2C3E1C-EE6B-4E43-BF3B-9DC3666A3359}.Debug|ARM.Build.0 = Debug|ARM
		{4A2C3E1C-EE6B-4E43-BF3B-9DC3666A3359}.Debug|ARM.Deploy.0 = Debug|ARM
		{4A2C3E1C-EE6B-4E43-BF3B-9DC3666A3359}.Debug|x64.ActiveCfg = Debug|x64
		{4A2C3E1C-EE6B-4E43-BF3B-9DC3666A3359}.Debug|x64.Build.0 = Debug|x64
		{4A2C3E1C-EE6B-4E43-BF3B-9DC3666A3359}.Debug|x64.Deploy.0 = Debug|x64
		{4A2C3E1C-EE6B-4E43-BF3B-9DC3666A3359}.Debug|x86.ActiveCfg = Debug|x86
		{4A2C3E1C-EE6B-4E43-BF3B-9DC3666A3359}.Debug|x86.Build.0 = Debug|x86
		{4A2C3E1C-EE6B-4E43-BF3B-9DC3666A3359}.Debug|x86.Deploy.0 = Debug|x86
		{4A2C3E1C-EE6B-4E43-BF3B-9DC3666A3359}.Release|ARM.ActiveCfg = Release|ARM
		{4A2C3E1C-EE6B-4E43-BF3B-9DC3666A3359}.Release|ARM.Build.0 = Release|ARM
		{4A2C3E1C-EE6B-4E43-BF3B-9DC3666A3359}.Release|ARM.Deploy.0 = Release|ARM
		{4A2C3E1C-EE6B-4E43-BF3B-9DC3666A3359}.Release|x64.ActiveCfg = Release|x64
		{4A2C3E1C-EE6B-4E43-BF3B-9DC3666A3359}.Release|x64.Build.0 = Release|x64
		{4A2C3E1C-EE6B-4E43-BF3B-9DC3666A3359}.Release|x64.Deploy.0 = Release|x64
		{4A2C3E1C-EE6B-4E43-BF3B-9DC3666A3359}.Release|x86.ActiveCfg = Release|x86
		{4A2C3E1C-EE6B-4E43-BF3B-9DC3666A3359}.Release|x86.Build.0 = Release|x86
		{4A2C3E1C-EE6B-4E43-BF3B-9DC3666A3359}.Release|x86.Deploy.0 = Release|x86
		{BEF8F573-EA0B-4098-A2AE-91600CB64F1F}.Debug|ARM.ActiveCfg = Debug|ARM
		{BEF8F573-EA0B-4098-A2AE-91600CB64F1F}.Debug|ARM.Build.0 = Debug|ARM
		{BEF8F573-EA0B-4098-A2AE-91600CB64F1F}.Debug|ARM.Deploy.0 = Debug|ARM
		{BEF8F573-EA0B-4098-A2AE-91600CB64F1F}.Debug|x64.ActiveCfg = Debug|x64
		{BEF8F573-EA0B-4098-A2AE-91600CB64F1F}.Debug|x64.Build.0 = Debug|x64
		{BEF8F573-EA0B-4098-A2AE-91600CB64F1F}.Debug|x64.Deploy.0 = Debug|x64
		{BEF8F573-EA0B-4098-A2AE-91600CB64F1F}.Debug|x86.ActiveCfg = Debug|x86
		{BEF8F573-EA0B-4098-A2AE-91600CB64F1F}.Debug|x86.Build.0 = Debug|x86
		{BEF8F573-EA0B-4098-A2AE-91600CB64F1F}.Debug|x86.Deploy.0 = Debug|x86
		{BEF8F573-EA0B-4098-A2AE-91600CB64F1F}.Release|ARM.ActiveCfg = Release|ARM
		{BEF8F573-EA0B-4098-A2AE-91600CB64F1F}.Release|ARM.Build.0 = Release|ARM
		{BEF8F573-EA0B-4098-A2AE-91600CB64F1F}.Release|ARM.Deploy.0 = Release|ARM
		{BEF8F573-EA0B-4098-A2AE-91600CB64F1F}.Release|x64.ActiveCfg = Release|x64
		{BEF8F573-EA0B-4098-A2AE-91600CB64F1F}.Release|x64.Build.0 = Release|x64
		{BEF8F573-EA0B-4098-A2AE-91600CB64F1F}.Release|x64.Deploy.0 = Release|x64
		{BEF8F573-EA0B-4098-A2AE-91600CB64F1F}.Release|x86.ActiveCfg = Release|x86
		{BEF8F573-EA0B-4098-A2AE-91600CB64F1F}.Release|x86.Build.0 = Release|x86
		{BEF8F573-EA0B-4098-A2AE-91600CB64F1F}.Release|x86.Deploy.0 = Release|x86
		{5A046B73-7A8D-4AAC-BEC4-18E2F5C3DBF1}.Debug|ARM.ActiveCfg = Debug|ARM
		{5A046B73-7A8D-4AAC-BEC4-18E2F5C3DBF1}.Debug|ARM.Build.0 = Debug|ARM
		{5A046B73-7A8D-4AAC-BEC4-18E2F5C3DBF1}.Debug|ARM.Deploy.0 = Debug|ARM
		{5A046B73-7A8D-4AAC-BEC4-18E2F5C3DBF1}.Debug|x64.ActiveCfg = Debug|x64
		{5A046B73-7A8D-4AAC-BEC4-18E2F5C3DBF1}.Debug|x64.Build.0 = Debug|x64
		{5A046B73-7A8D-4AAC-BEC4-18E2F5C3DBF1}.Debug|x64.Deploy.0 = Debug|x64
		{5A046B73-7A8D-4AAC-BEC4-18E2F5C3DBF1}.Debug|x86.ActiveCfg = Debug|x86
		{5A046B73-7A8D-4AAC-BEC4-18E2F5C3DBF1}.Debug|x86.Build.0 = Debug|x86
		{5A046B73-7A8D-4AAC-BEC4-18E2F5C3DBF1}.Debug|x86.Deploy.0 = Debug|x86
		{5A046B73-7A8D-4AAC-BEC4-18E2F5C3DBF1}.Release|ARM.ActiveCfg = Release|ARM
		{5A046B73-7A8D-4AAC-BEC4-18E2F5C3DBF1}.Release|ARM.Build.0 = Release|ARM
		{5A046B73-7A8D-4AAC-BEC4-18E2F5C3DBF1}.Release|ARM.Deploy.0 = Release|ARM
		{5A046B73-7A8D-4AAC-BEC4-18E2F5C3DBF1}.Release|x64.ActiveCfg = Release|x64
		{5A046B73-7A8D-4AAC-BEC4-18E2F5C3DBF1}.Release|x64.Build.0 = Release|x64
		{5A046B73-7A8D-4AAC-BEC4-18E2F5C3DBF1}.Release|x64.Deploy.0 = Release|x64
		{5A046B73-7A8D-4AAC-BEC4-18E2F5C3DBF1}.Release|x86.ActiveCfg = Release|x86
		{5A046B73-7A8D-4AAC-BEC4-18E2F5C3DBF1}.Release|x86.Build.0 = Release|x86
		{5A046B73-7A8D-4AAC-BEC4-18E2F5C3DBF1}.Release|x86.Deploy.0 = Release|x86
		{86BB4E9D-125C-439E-816A-5C1683D4FA3B}.Debug|ARM.ActiveCfg = Debug|ARM
		{86BB4E9D-125C-439E-816A-5C1683D4FA3B}.Debug|ARM.Build.0 = Debug|ARM
		{86BB4E9D-125C-439E-816A-5C1683D4FA3B}.Debug|ARM.Deploy.0 = Debug|ARM
		{86BB4E9D-125C-439E-816A-5C1683D4FA3B}.Debug|x64.ActiveCfg = Debug|x64
		{86BB4E9D-125C-439E-816A-5C1683D4FA3B}.Debug|x64.Build.0 = Debug|x64
		{86BB4E9D-125C-439E-816A-5C1683D4FA3B}.Debug|x64.Deploy.0 = Debug|x64
		{86BB4E9D-125C-439E-816A-5C1683D4FA3B}.Debug|x86.ActiveCfg = Debug|x86
		{86BB4E9D-125C-439E-816A-5C1683D4FA3B}.Debug|x86.Build.0 = Debug|x86
		{86BB4E9D-125C-439E-816A-5C1683D4FA3B}.Debug|x86.Deploy.0 = Debug|x86
		{86BB4E9D-125C-439E-816A-5C1683D4FA3B}.Release|ARM.ActiveCfg = Release|ARM
		{86BB4E9D-125C-439E-816A-5C1683D4FA3B}.Release|ARM.Build.0 = Release|ARM
		{86BB4E9D-125C-439E-816A-5C1683D4FA3B}.Release|ARM.Deploy.0 = Release|ARM
		{86BB4E9D-125C-439E-816A-5C1683D4FA3B}.Release|x64.ActiveCfg = Release|x64
		{86BB4E9D-125C-439E-816A-5C1683D4FA3B}.Release|x64.Build.0 = Release|x64
		{86BB4E9D-125C-439E-816A-5C1683D4FA3B}.Release|x64.Deploy.0 = Release|x64
		{86BB4E9D-125C-439E-816A-5C1683D4FA3B}.Release|x86.ActiveCfg = Release|x86
		{86BB4E9D-125C-439E-816A-5C1683D4FA3B}.Release|x86.Build.0 = Release|x86
		{86BB4E9D-125C-439E-816A-5C1683D4FA3B}.Release|x86.Deploy.0 = Release|x86
		{36E0C231-831C-4802-A6B8-FE7AA1995502}.Debug|ARM.ActiveCfg = Debug|ARM
		{36E0C231-831C-4802-A6B8-FE7AA1995502}.Debug|ARM.Build.0 = Debug|ARM
		{36E0C231-831C-4802-A6B8-FE7AA1995502}.Debug|ARM.Deploy.0 = Debug|ARM
		{36E0C231-831C-4802-A6B8-FE7AA1995502}.Debug|x64.ActiveCfg = Debug|x64
		{36E0C231-831C-4802-A6B8-FE7AA1995502}.Debug|x64.Build.0 = Debug|x64
		{36E0C231-831C-4802-A6B8-FE7AA1995502}.Debug|x64.Deploy.0 = Debug|x64
		{36E0C231-831C-4802-A6B8-FE7AA1995502}.Debug|x86.ActiveCfg = Debug|x86
		{36E0C231-831C-4802-A6B8-FE7AA1995502}.Debug|x86.Build.0 = Debug|x86
		{36E0C231-831C-4802-A6B8-FE7AA1995502}.Debug|x86.Deploy.0 = Debug|x86
		{36E0C231-831C-4802-A6B8-FE7AA1995502}.Release|ARM.ActiveCfg = Release|ARM
		{36E0C231-831C-4802-A6B8-FE7AA1995502}.Release|ARM.Build.0 = Release|ARM
		{36E0C231-831C-4802-A6B8-FE7AA1995502}.Release|ARM.Deploy.0 = Release|ARM
		{36E0C231-831C-4802-A6B8-FE7AA1995502}.Release|x64.ActiveCfg = Release|x64
		{36E0C231-831C-4802-A6B8-FE7AA1995502}.Release|x64.Build.0 = Release|x64
		{36E0C231-831C-4802-A6B8-FE7AA1995502}.Release|x64.Deploy.0 = Release|x64
		{36E0C231-831C-4802-A6B8-FE7AA1995502}.Release|x86.ActiveCfg = Release|x86
		{36E0C231-831C-4802-A6B8-FE7AA1995502}.Release|x86.Build.0 = Release|x86
		{36E0C231-831C-4802-A6B8-FE7AA1995502}.Release|x86.Deploy.0 = Release|x86
		{2E2D8CD4-7F7E-4FFD-9D54-9ACA38CB1CC3}.Debug|ARM.ActiveCfg = Debug|ARM
		{2E2D8CD4-7F7E-4FFD-9D54-9ACA38CB1CC3}.Debug|ARM.Build.0 = Debug|ARM
		{2E2D8CD4-7F7E-4FFD-9D54-9ACA38CB1CC3}.Debug|ARM.Deploy.0 = Debug|ARM
		{2E2D8CD4-7F7E-4FFD-9D54-9ACA38CB1CC3}.Debug|x64.ActiveCfg = Debug|x64
		{2E2D8CD4-7F7E-4FFD-9D54-9ACA38CB1CC3}.Debug|x64.Build.0 = Debug|x64
		{2E2D8CD4-7F7E-4FFD-9D54-9ACA38CB1CC3}.Debug|x64.Deploy.0 = Debug|x64
		{2E2D8CD4-7F7E-4FFD-9D54-9ACA38CB1CC3}.Debug|x86.ActiveCfg = Debug|x86
		{2E2D8CD4-7F7E-4FFD-9D54-9ACA38CB1CC3}.Debug|x86.Build.0 = Debug|x86
		{2E2D8CD4-7F7E-4FFD-9D54-9ACA38CB1CC3}.Debug|x86.Deploy.0 = Debug|x86
		{2E2D8CD4-7F7E-4FFD-9D54-9ACA38CB1CC3}.Release|ARM.ActiveCfg = Release|ARM
		{2E2D8CD4-7F7E-4FFD-9D54-9ACA38CB1CC3}.Release|ARM.Build.0 = Release|ARM
		{2E2D8CD4-7F7E-4FFD-9D54-9ACA38CB1CC3}.Release|ARM.Deploy.0 = Release|ARM
		{2E2D8CD4-7F7E-4FFD-9D54-9ACA38CB1CC3}.Release|x64.ActiveCfg = Release|x64
		{2E2D8CD4-7F7E-4FFD-9D54-9ACA38CB1CC3}.Release|x64.Build.0 = Release|x64
		{2E2D8CD4-7F7E-4FFD-9D54-9ACA38CB1CC3}.Release|x64.Deploy.0 = Release|x64
		{2E2D8CD4-7F7E-4FFD-9D54-9ACA38CB1CC3}.Release|x86.ActiveCfg = Release|x86
		{2E2D8CD4-7F7E-4FFD-9D54-9ACA38CB1CC3}.Release|x86.Build.0 = Release|x86
		{2E2D8CD4-7F7E-4FFD-9D54-9ACA38CB1CC3}.Release|x86.Deploy.0 = Release|x86
		{9E068962-155E-4DA8-9795-F4C157B972A9}.Debug|ARM.ActiveCfg = Debug|ARM
		{9E068962-155E-4DA8-9795-F4C157B972A9}.Debug|ARM.Build.0 = Debug|ARM
		{9E068962-155E-4DA8-9795-F4C157B972A9}.Debug|ARM.Deploy.0 = Debug|ARM
		{9E068962-155E-4DA8-9795-F4C157B972A9}.Debug|x64.ActiveCfg = Debug|x64
		{9E068962-155E-4DA8-9795-F4C157B972A9}.Debug|x64.Build.0 = Debug|x64
		{9E068962-155E-4DA8-9795-F4C157B972A9}.Debug|x64.Deploy.0 = Debug|x64
		{9E068962-155E-4DA8-9795-F4C157B972A9}.Debug|x86.ActiveCfg = Debug|x86
		{9E068962-155E-4DA8-9795-F4C157B972A9}.Debug|x86.Build.0 = Debug|x86
		{9E068962-155E-4DA8-9795-F4C157B972A9}.Debug|x86.Deploy.0 = Debug|x86
		{9E068962-155E-4DA8-9795-F4C157B972A9}.Release|ARM.ActiveCfg = Release|ARM
		{9E068962-155E-4DA8-9795-F4C157B972A9}.Release|ARM.Build.0 = Release|ARM
		{9E068962-155E-4DA8-9795-F4C157B972A9}.Release|ARM.Deploy.0 = Release|ARM
		{9E068962-155E-4DA8-9795-F4C157B972A9}.Release|x64.ActiveCfg = Release|x64
		{9E068962-155E-4DA8-9795-F4C157B972A9}.Release|x64.Build.0 = Release|x64
		{9E068962-155E-4DA8-9795-F4C157B972A9}.Release|x64.Deploy.0 = Release|x64
		{9E068962-155E-4DA8-9795-F4C157B972A9}.Release|x86.ActiveCfg = Release|x86
		{9E068962-155E-4DA8-9795-F4C157B972A9}.Release|x86.Build.0 = Release|x86
		{9E068962-155E-4DA8-9795-F4C157B972A9}.Release|x86.Deploy.0 = Release|x86
		{75DF9D69-CD79-4733-99E5-5515E54BF87F}.Debug|ARM.ActiveCfg = Debug|ARM
		{75DF9D69-CD79-4733-99E5-5515E54BF87F}.Debug|ARM.Build.0 = Debug|ARM
		{75DF9D69-CD79-4733-99E5-5515E54BF87F}.Debug|ARM.Deploy.0 = Debug|ARM
		{75DF9D69-CD79-4733-99E5-5515E54BF87F}.Debug|x64.ActiveCfg = Debug|x64
		{75DF9D69-CD79-4733-99E5-5515E54BF87F}.Debug|x64.Build.0 = Debug|x64
		{75DF9D69-CD79-4733-99E5-5515E54BF87F}.Debug|x64.Deploy.0 = Debug|x64
		{75DF9D69-CD79-4733-99E5-5515E54BF87F}.Debug|x86.ActiveCfg = Debug|x86
		{75DF9D69-CD79-4733-99E5-5515E54BF87F}.Debug|x86.Build.0 = Debug|x86
		{75DF9D69-CD79-4733-99E5-5515E54BF87F}.Debug|x86.Deploy.0 = Debug|x86
		{75DF9D69-CD79-4733-99E5-5515E54BF87F}.Release|ARM.ActiveCfg = Release|ARM
		{75DF9D69-CD79-4733-99E5-5515E54BF87F}.Release|ARM.Build.0 = Release|ARM
		{75DF9D69-CD79-4733-99E5-5515E54BF87F}.Release|ARM.Deploy.0 = Release|ARM
		{75DF9D69-CD79-4733-99E5-5515E54BF87F}.Release|x64.ActiveCfg = Release|x64
		{75DF9D69-CD79-4733-99E5-5515E54BF87F}.Release|x64.Build.0 = Release|x64
		{75DF9D69-CD79-4733-99E5-5515E54BF87F}.Release|x64.Deploy.0 = Release|x64
		{75DF9D69-CD79-4733-99E5-5515E54BF87F}.Release|x86.ActiveCfg = Release|x86
		{75DF9D69-CD79-4733-99E5-5515E54BF87F}.Release|x86.Build.0 = Release|x86
		{75DF9D69-CD79-4733-99E5-5515E54BF87F}.Release|x86.Deploy.0 = Release|x86
		{ED65BF18-0B59-4DE8-AC4D-93426F86C559}.Debug|ARM.ActiveCfg = Debug|ARM
		{ED65BF18-0B59-4DE8-AC4D-93426F86C559}.Debug|ARM.Build.0 = Debug|ARM
		{ED65BF18-0B59-4DE8-AC4D-93426F86C559}.Debug|ARM.Deploy.0 = Debug|ARM
		{ED65BF18-0B59-4DE8-AC4D-93426F86C559}.Debug|x64.ActiveCfg = Debug|x64
		{ED65BF18-0B59-4DE8-AC4D-93426F86C559}.Debug|x64.Build.0 = Debug|x64
		{ED65BF18-0B59-4DE8-AC4D-93426F86C559}.Debug|x64.Deploy.0 = Debug|x64
		{ED65BF18-0B59-4DE8-AC4D-93426F86C559}.Debug|x86.ActiveCfg = Debug|x86
		{ED65BF18-0B59-4DE8-AC4D-93426F86C559}.Debug|x86.Build.0 = Debug|x86
		{ED65BF18-0B59-4DE8-AC4D-93426F86C559}.Debug|x86.Deploy.0 = Debug|x86
		{ED65BF18-0B59-4DE8-AC4D-93426F86C559}.Release|ARM.ActiveCfg = Release|ARM
		{ED65BF18-0B59-4DE8-AC4D-93426F86C559}.Release|ARM.Build.0 = Release|ARM
		{ED65BF18-0B59-4DE8-AC4D-93426F86C559}.Release|ARM.Deploy.0 = Release|ARM
		{ED65BF18-0B59-4DE8-AC4D-93426F86C559}.Release|x64.ActiveCfg = Release|x64
		{ED65BF18-0B59-4DE8-AC4D-93426F86C559}.Release|x64.Build.0 = Release|x64
		{ED65BF18-0B59-4DE8-AC4D-93426F86C559}.Release|x64.Deploy.0 = Release|x64
		{ED65BF18-0B59-4DE8-AC4D-93426F86C559}.Release|x86.ActiveCfg = Release|x86
		{ED65BF18-0B59-4DE8-AC4D-93426F86C559}.Release|x86.Build.0 = Release|x86
		{ED65BF18-0B59-4DE8-AC4D-93426F86C559}.Release|x86.Deploy.0 = Release|x86
		{A10A3AE7-12FC-4C89-B969-D60A281CBD17}.Debug|ARM.ActiveCfg = Debug|ARM
		{A10A3AE7-12FC-4C89-B969-D60A281CBD17}.Debug|ARM.Build.0 = Debug|ARM
		{A10A3AE7-12FC-4C89-B969-D60A281CBD17}.Debug|ARM.Deploy.0 = Debug|ARM
		{A10A3AE7-12FC-4C89-B969-D60A281CBD17}.Debug|x64.ActiveCfg = Debug|x64
		{A10A3AE7-12FC-4C89-B969-D60A281CBD17}.Debug|x64.Build.0 = Debug|x64
		{A10A3AE7-12FC-4C89-B969-D60A281CBD17}.Debug|x64.Deploy.0 = Debug|x64
		{A10A3AE7-12FC-4C89-B969-D60A281CBD17}.Debug|x86.ActiveCfg = Debug|x86
		{A10A3AE7-12FC-4C89-B969-D60A281CBD17}.Debug|x86.Build.0 = Debug|x86
		{A10A3AE7-12FC-4C89-B969-D60A281CBD17}.Debug|x86.Deploy.0 = Debug|x86
		{A10A3AE7-12FC-4C89-B969-D60A281CBD17}.Release|ARM.ActiveCfg = Release|ARM
		{A10A3AE7-12FC-4C89-B969-D60A281CBD17}.Release|ARM.Build.0 = Release|ARM
		{A10A3AE7-12FC-4C89-B969-D60A281CBD17}.Release|ARM.Deploy.0 = Release|ARM
		{A10A3AE7-12FC-4C89-B969-D60A281CBD17}.Release|x64.ActiveCfg = Release|x64
		{A10A3AE7-12FC-4C89-B969-D60A281CBD17}.Release|x64.Build.0 = Release|x64
		{A10A3AE7-12FC-4C89-B969-D60A281CBD17}.Release|x64.Deploy.0 = Release|x64
		{A10A3AE7-12FC-4C89-B969-D60A281CBD17}.Release|x86.ActiveCfg = Release|x86
		{A10A3AE7-12FC-4C89-B969-D60A281CBD17}.Release|x86.Build.0 = Release|x86
		{A10A3AE7-12FC-4C89-B969-D60A281CBD17}.Release|x86.Deploy.0 = Release|x86
	EndGlobalSection
	GlobalSection(SolutionProperties) = preSolution
		HideSolutionNode = FALSE
	EndGlobalSection
	GlobalSection(NestedProjects) = preSolution
		{6B181DF4-9B08-4ADC-BB04-F5B2BEA70471} = {90AC4839-8C56-4B40-AB22-97B32E46B326}
		{5FB58C7B-048F-45E3-B707-ED6A3B51949E} = {90AC4839-8C56-4B40-AB22-97B32E46B326}
		{322B651F-9814-4771-94A2-A8AC63EAB80D} = {90AC4839-8C56-4B40-AB22-97B32E46B326}
		{537C0902-E959-429E-81F3-060E32E12BDC} = {90AC4839-8C56-4B40-AB22-97B32E46B326}
		{F10FDDE0-32B7-494F-8D1C-816D63EE09BD} = {5FB58C7B-048F-45E3-B707-ED6A3B51949E}
		{0946918B-2B97-4BE9-AD72-412D49D05054} = {5FB58C7B-048F-45E3-B707-ED6A3B51949E}
		{4A0DBF8D-EA59-4875-96E8-5A3A0041DECC} = {5FB58C7B-048F-45E3-B707-ED6A3B51949E}
		{4A8F3504-C3A3-4A3E-B5CA-26D6A2C09684} = {6B181DF4-9B08-4ADC-BB04-F5B2BEA70471}
		{BD8E38A7-C8A4-4060-9C35-130C17659CF0} = {6B181DF4-9B08-4ADC-BB04-F5B2BEA70471}
		{4A2C3E1C-EE6B-4E43-BF3B-9DC3666A3359} = {322B651F-9814-4771-94A2-A8AC63EAB80D}
		{BEF8F573-EA0B-4098-A2AE-91600CB64F1F} = {322B651F-9814-4771-94A2-A8AC63EAB80D}
		{5A046B73-7A8D-4AAC-BEC4-18E2F5C3DBF1} = {322B651F-9814-4771-94A2-A8AC63EAB80D}
		{86BB4E9D-125C-439E-816A-5C1683D4FA3B} = {322B651F-9814-4771-94A2-A8AC63EAB80D}
		{36E0C231-831C-4802-A6B8-FE7AA1995502} = {537C0902-E959-429E-81F3-060E32E12BDC}
		{2E2D8CD4-7F7E-4FFD-9D54-9ACA38CB1CC3} = {537C0902-E959-429E-81F3-060E32E12BDC}
		{9E068962-155E-4DA8-9795-F4C157B972A9} = {537C0902-E959-429E-81F3-060E32E12BDC}
		{B969A96F-B627-428A-9A55-A459AC984B02} = {D24BB124-B38F-45AB-ABE8-10083E81FBC9}
		{75DF9D69-CD79-4733-99E5-5515E54BF87F} = {B969A96F-B627-428A-9A55-A459AC984B02}
		{ED65BF18-0B59-4DE8-AC4D-93426F86C559} = {B969A96F-B627-428A-9A55-A459AC984B02}
		{A10A3AE7-12FC-4C89-B969-D60A281CBD17} = {B969A96F-B627-428A-9A55-A459AC984B02}
		{C3B8444F-B564-46B3-B7E2-63952E5351FB} = {D24BB124-B38F-45AB-ABE8-10083E81FBC9}
	EndGlobalSection
EndGlobal
